{
  "originHash" : "cf47e8401b440fe095f348115a0ce1a8f285084c8ae8f0aa5da058a0961832d3",
  "pins" : [
    {
      "identity" : "openssl",
      "kind" : "remoteSourceControl",
      "location" : "https://github.com/krzyzanowskim/OpenSSL.git",
      "state" : {
        "revision" : "4b1188ba947ddc23d03b13096b9e44b804e146c9",
        "version" : "3.6.3000"
      }
    },
    {
      "identity" : "purchases-ios",
      "kind" : "remoteSourceControl",
      "location" : "https://github.com/RevenueCat/purchases-ios.git",
      "state" : {
        "revision" : "590804fc3a141fb52762b9232ba5791fce645fe7",
        "version" : "3.14.4"
      }
    }
  ],
  "version" : 3
}
